
Microsoft Visual Studio Solution File, Format Version 12.00
# Visual Studio Version 17
VisualStudioVersion = 17.14.36310.24 d17.14
MinimumVisualStudioVersion = 10.0.40219.1
Project("{FAE04EC0-301F-11D3-BF4B-00C04F79EFBC}") = "SifreliResim", "SifreliResim.csproj", "{27650E2E-7BF5-4B71-89CB-908B115C96B6}"
EndProject
Global
	GlobalSection(SolutionConfigurationPlatforms) = preSolution
		Debug|Any CPU = Debug|Any CPU
		Release|Any CPU = Release|Any CPU
	EndGlobalSection
	GlobalSection(ProjectConfigurationPlatforms) = postSolution
		{27650E2E-7BF5-4B71-89CB-908B115C96B6}.Debug|Any CPU.ActiveCfg = Debug|Any CPU
		{27650E2E-7BF5-4B71-89CB-908B115C96B6}.Debug|Any CPU.Build.0 = Debug|Any CPU
		{27650E2E-7BF5-4B71-89CB-908B115C96B6}.Release|Any CPU.ActiveCfg = Release|Any CPU
		{27650E2E-7BF5-4B71-89CB-908B115C96B6}.Release|Any CPU.Build.0 = Release|Any CPU
	EndGlobalSection
	GlobalSection(SolutionProperties) = preSolution
		HideSolutionNode = FALSE
	EndGlobalSection
	GlobalSection(ExtensibilityGlobals) = postSolution
		SolutionGuid = {BCC62987-8EEF-4517-B10A-688BA718A402}
	EndGlobalSection
EndGlobal
